// !$*UTF8*$!
{
	archiveVersion = 1;
	classes = {
	};
	objectVersion = 51;
	objects = {

/* Begin PBXBuildFile section */
		7638582A24FC903D00ABEC80 /* EmptyViewController.swift in Sources */ = {isa = PBXBuildFile; fileRef = 7638582824FC903D00ABEC80 /* EmptyViewController.swift */; };
		7638589324FCA56B00ABEC80 /* MBProgressHUD+Custom.swift in Sources */ = {isa = PBXBuildFile; fileRef = 7638589224FCA56B00ABEC80 /* MBProgressHUD+Custom.swift */; };
		7638589524FCC2B000ABEC80 /* TableListViewController.swift in Sources */ = {isa = PBXBuildFile; fileRef = 7638589424FCC2B000ABEC80 /* TableListViewController.swift */; };
		7638589724FCDC2D00ABEC80 /* NewTableViewController.swift in Sources */ = {isa = PBXBuildFile; fileRef = 7638589624FCDC2D00ABEC80 /* NewTableViewController.swift */; };
		7638589A24FCE11500ABEC80 /* Refreshable.swift in Sources */ = {isa = PBXBuildFile; fileRef = 7638589924FCE11500ABEC80 /* Refreshable.swift */; };
		7638589C24FCE12800ABEC80 /* BaseTableViewController.swift in Sources */ = {isa = PBXBuildFile; fileRef = 7638589B24FCE12800ABEC80 /* BaseTableViewController.swift */; };
		7638589E24FCE21A00ABEC80 /* BaseViewController.swift in Sources */ = {isa = PBXBuildFile; fileRef = 7638589D24FCE21A00ABEC80 /* BaseViewController.swift */; };
		763858A024FCE83A00ABEC80 /* BaseCollectionViewController.swift in Sources */ = {isa = PBXBuildFile; fileRef = 7638589F24FCE83A00ABEC80 /* BaseCollectionViewController.swift */; };
		763858A224FCEDEE00ABEC80 /* CollectionListViewController.swift in Sources */ = {isa = PBXBuildFile; fileRef = 763858A124FCEDEE00ABEC80 /* CollectionListViewController.swift */; };
		763858A524FCF39600ABEC80 /* UIView+Error.swift in Sources */ = {isa = PBXBuildFile; fileRef = 763858A424FCF39600ABEC80 /* UIView+Error.swift */; };
		763858A724FCF3CB00ABEC80 /* UITableView+Refresh.swift in Sources */ = {isa = PBXBuildFile; fileRef = 763858A624FCF3CB00ABEC80 /* UITableView+Refresh.swift */; };
		763858A924FCF3FB00ABEC80 /* UICollectionView+Refresh.swift in Sources */ = {isa = PBXBuildFile; fileRef = 763858A824FCF3FB00ABEC80 /* UICollectionView+Refresh.swift */; };
		763858AC24FCF73200ABEC80 /* EmptyView.swift in Sources */ = {isa = PBXBuildFile; fileRef = 763858AB24FCF73200ABEC80 /* EmptyView.swift */; };
		763858AE24FCF78F00ABEC80 /* LoadingView.swift in Sources */ = {isa = PBXBuildFile; fileRef = 763858AD24FCF78F00ABEC80 /* LoadingView.swift */; };
		763858B024FE13BE00ABEC80 /* HttpResultHandler.swift in Sources */ = {isa = PBXBuildFile; fileRef = 763858AF24FE13BE00ABEC80 /* HttpResultHandler.swift */; };
		76557EFF248F709F003572B1 /* AppDelegate.swift in Sources */ = {isa = PBXBuildFile; fileRef = 76557EFE248F709F003572B1 /* AppDelegate.swift */; };
		76557F01248F709F003572B1 /* SceneDelegate.swift in Sources */ = {isa = PBXBuildFile; fileRef = 76557F00248F709F003572B1 /* SceneDelegate.swift */; };
		76557F03248F709F003572B1 /* ViewController.swift in Sources */ = {isa = PBXBuildFile; fileRef = 76557F02248F709F003572B1 /* ViewController.swift */; };
		76557F06248F709F003572B1 /* Main.storyboard in Resources */ = {isa = PBXBuildFile; fileRef = 76557F04248F709F003572B1 /* Main.storyboard */; };
		76557F08248F70A0003572B1 /* Assets.xcassets in Resources */ = {isa = PBXBuildFile; fileRef = 76557F07248F70A0003572B1 /* Assets.xcassets */; };
		76557F0B248F70A0003572B1 /* LaunchScreen.storyboard in Resources */ = {isa = PBXBuildFile; fileRef = 76557F09248F70A0003572B1 /* LaunchScreen.storyboard */; };
		76557F16248F70A0003572B1 /* HttpServerTests.swift in Sources */ = {isa = PBXBuildFile; fileRef = 76557F15248F70A0003572B1 /* HttpServerTests.swift */; };
		76557F21248F70A0003572B1 /* HttpServerUITests.swift in Sources */ = {isa = PBXBuildFile; fileRef = 76557F20248F70A0003572B1 /* HttpServerUITests.swift */; };
		76557F32248F7A0F003572B1 /* HttpServer.swift in Sources */ = {isa = PBXBuildFile; fileRef = 76557F31248F7A0F003572B1 /* HttpServer.swift */; };
		76557F35248F7B37003572B1 /* UserApi.swift in Sources */ = {isa = PBXBuildFile; fileRef = 76557F34248F7B37003572B1 /* UserApi.swift */; };
		76557F37248F8204003572B1 /* MyUDID.swift in Sources */ = {isa = PBXBuildFile; fileRef = 76557F36248F8204003572B1 /* MyUDID.swift */; };
		76557F39248F8622003572B1 /* TargetType+Extension.swift in Sources */ = {isa = PBXBuildFile; fileRef = 76557F38248F8622003572B1 /* TargetType+Extension.swift */; };
		76557F3B248F8687003572B1 /* String+Security.swift in Sources */ = {isa = PBXBuildFile; fileRef = 76557F3A248F8687003572B1 /* String+Security.swift */; };
		76557F3D248F86B6003572B1 /* Data+Extensions.swift in Sources */ = {isa = PBXBuildFile; fileRef = 76557F3C248F86B6003572B1 /* Data+Extensions.swift */; };
		76557F3F248F86EF003572B1 /* ApiSignature.swift in Sources */ = {isa = PBXBuildFile; fileRef = 76557F3E248F86EF003572B1 /* ApiSignature.swift */; };
		76557F41248F8880003572B1 /* Moya+Extension.swift in Sources */ = {isa = PBXBuildFile; fileRef = 76557F40248F8880003572B1 /* Moya+Extension.swift */; };
		76557F43248F8FEB003572B1 /* Expiry.swift in Sources */ = {isa = PBXBuildFile; fileRef = 76557F42248F8FEB003572B1 /* Expiry.swift */; };
		76557F452490A69A003572B1 /* RxCache.swift in Sources */ = {isa = PBXBuildFile; fileRef = 76557F442490A69A003572B1 /* RxCache.swift */; };
		76557F472490C23A003572B1 /* Keychain.swift in Sources */ = {isa = PBXBuildFile; fileRef = 76557F462490C23A003572B1 /* Keychain.swift */; };
		76557F492490E0E3003572B1 /* KeychainTests.swift in Sources */ = {isa = PBXBuildFile; fileRef = 76557F482490E0E3003572B1 /* KeychainTests.swift */; };
		76557F4A2490E11F003572B1 /* Keychain.swift in Sources */ = {isa = PBXBuildFile; fileRef = 76557F462490C23A003572B1 /* Keychain.swift */; };
		76557F4B2490E121003572B1 /* Keychain.swift in Sources */ = {isa = PBXBuildFile; fileRef = 76557F462490C23A003572B1 /* Keychain.swift */; };
		7678F1D224B462F3006BBDD2 /* RequestCountHandler.swift in Sources */ = {isa = PBXBuildFile; fileRef = 7678F1D124B462F3006BBDD2 /* RequestCountHandler.swift */; };
		7678F1DB24B56892006BBDD2 /* RequestFrequencyDatabaseTests.swift in Sources */ = {isa = PBXBuildFile; fileRef = 7678F1DA24B56892006BBDD2 /* RequestFrequencyDatabaseTests.swift */; };
		7678F1DC24B5690E006BBDD2 /* RequestCountHandler.swift in Sources */ = {isa = PBXBuildFile; fileRef = 7678F1D124B462F3006BBDD2 /* RequestCountHandler.swift */; };
		7678F1DD24B5691E006BBDD2 /* RequestCountHandler.swift in Sources */ = {isa = PBXBuildFile; fileRef = 7678F1D124B462F3006BBDD2 /* RequestCountHandler.swift */; };
		7678F1DF24B58E82006BBDD2 /* RequestFrequencyHandlerTests.swift in Sources */ = {isa = PBXBuildFile; fileRef = 7678F1DE24B58E82006BBDD2 /* RequestFrequencyHandlerTests.swift */; };
		7678F1E124B5A6C2006BBDD2 /* HttpError.swift in Sources */ = {isa = PBXBuildFile; fileRef = 7678F1E024B5A6C2006BBDD2 /* HttpError.swift */; };
		7678F1E324B5C302006BBDD2 /* CacheCore.swift in Sources */ = {isa = PBXBuildFile; fileRef = 7678F1E224B5C302006BBDD2 /* CacheCore.swift */; };
		7678F1E724B5C405006BBDD2 /* Transformer.swift in Sources */ = {isa = PBXBuildFile; fileRef = 7678F1E524B5C405006BBDD2 /* Transformer.swift */; };
		7678F1E824B5C405006BBDD2 /* TransformerFactory.swift in Sources */ = {isa = PBXBuildFile; fileRef = 7678F1E624B5C405006BBDD2 /* TransformerFactory.swift */; };
		7678F1EA24B5C42A006BBDD2 /* DiskStorage.swift in Sources */ = {isa = PBXBuildFile; fileRef = 7678F1E924B5C42A006BBDD2 /* DiskStorage.swift */; };
		7678F1ED24B6DE24006BBDD2 /* CachePolicy.swift in Sources */ = {isa = PBXBuildFile; fileRef = 7678F1EC24B6DE24006BBDD2 /* CachePolicy.swift */; };
		76DC1AC424F394A300650E2C /* FaltMapViewController.swift in Sources */ = {isa = PBXBuildFile; fileRef = 76DC1AC324F394A200650E2C /* FaltMapViewController.swift */; };
		76DC1AC624F4ADCA00650E2C /* User.swift in Sources */ = {isa = PBXBuildFile; fileRef = 76DC1AC524F4ADCA00650E2C /* User.swift */; };
		76DC1AC724F4ADE800650E2C /* User.swift in Sources */ = {isa = PBXBuildFile; fileRef = 76DC1AC524F4ADCA00650E2C /* User.swift */; };
		76DC1AC924F4BAB500650E2C /* ScoreApi.swift in Sources */ = {isa = PBXBuildFile; fileRef = 76DC1AC824F4BAB500650E2C /* ScoreApi.swift */; };
		76DC1ACB24F4BCA500650E2C /* Score.swift in Sources */ = {isa = PBXBuildFile; fileRef = 76DC1ACA24F4BCA500650E2C /* Score.swift */; };
		76DC1ACD24F50CFD00650E2C /* ZipViewController.swift in Sources */ = {isa = PBXBuildFile; fileRef = 76DC1ACC24F50CFD00650E2C /* ZipViewController.swift */; };
		76DC1ACF24F5146400650E2C /* Observer.swift in Sources */ = {isa = PBXBuildFile; fileRef = 76DC1ACE24F5146400650E2C /* Observer.swift */; };
		76DC1AD124F5156C00650E2C /* Server.swift in Sources */ = {isa = PBXBuildFile; fileRef = 76DC1AD024F5156C00650E2C /* Server.swift */; };
		76F3C49424EE1A2A00497C2F /* UserViewController.swift in Sources */ = {isa = PBXBuildFile; fileRef = 76F3C49324EE1A2A00497C2F /* UserViewController.swift */; };
		EBEE5066B5E2B132DB57CE6B /* Pods_HttpServerUITests.framework in Frameworks */ = {isa = PBXBuildFile; fileRef = 2F13DE59FCEA416A749200A8 /* Pods_HttpServerUITests.framework */; };
		F90556C2B0C97B175D4B080D /* Pods_HttpServer.framework in Frameworks */ = {isa = PBXBuildFile; fileRef = 5BDCEE735419A288B50A5F78 /* Pods_HttpServer.framework */; };
		FC6B38484540B7282E8AFF03 /* Pods_HttpServerTests.framework in Frameworks */ = {isa = PBXBuildFile; fileRef = B669BD6D41AE1DA06213D8A5 /* Pods_HttpServerTests.framework */; };
/* End PBXBuildFile section */

/* Begin PBXContainerItemProxy section */
		76557F12248F70A0003572B1 /* PBXContainerItemProxy */ = {
			isa = PBXContainerItemProxy;
			containerPortal = 76557EF3248F709F003572B1 /* Project object */;
			proxyType = 1;
			remoteGlobalIDString = 76557EFA248F709F003572B1;
			remoteInfo = HttpServer;
		};
		76557F1D248F70A0003572B1 /* PBXContainerItemProxy */ = {
			isa = PBXContainerItemProxy;
			containerPortal = 76557EF3248F709F003572B1 /* Project object */;
			proxyType = 1;
			remoteGlobalIDString = 76557EFA248F709F003572B1;
			remoteInfo = HttpServer;
		};
/* End PBXContainerItemProxy section */

/* Begin PBXFileReference section */
		2F13DE59FCEA416A749200A8 /* Pods_HttpServerUITests.framework */ = {isa = PBXFileReference; explicitFileType = wrapper.framework; includeInIndex = 0; path = Pods_HttpServerUITests.framework; sourceTree = BUILT_PRODUCTS_DIR; };
		3B6F01244627A9027D8A46E5 /* Pods-HttpServer.release.xcconfig */ = {isa = PBXFileReference; includeInIndex = 1; lastKnownFileType = text.xcconfig; name = "Pods-HttpServer.release.xcconfig"; path = "Target Support Files/Pods-HttpServer/Pods-HttpServer.release.xcconfig"; sourceTree = "<group>"; };
		4A01646BAAD3C6CC934F1FD8 /* Pods-HttpServerUITests.debug.xcconfig */ = {isa = PBXFileReference; includeInIndex = 1; lastKnownFileType = text.xcconfig; name = "Pods-HttpServerUITests.debug.xcconfig"; path = "Target Support Files/Pods-HttpServerUITests/Pods-HttpServerUITests.debug.xcconfig"; sourceTree = "<group>"; };
		5BDCEE735419A288B50A5F78 /* Pods_HttpServer.framework */ = {isa = PBXFileReference; explicitFileType = wrapper.framework; includeInIndex = 0; path = Pods_HttpServer.framework; sourceTree = BUILT_PRODUCTS_DIR; };
		70972F61DF4F7DE1912C2D04 /* Pods-HttpServer.debug.xcconfig */ = {isa = PBXFileReference; includeInIndex = 1; lastKnownFileType = text.xcconfig; name = "Pods-HttpServer.debug.xcconfig"; path = "Target Support Files/Pods-HttpServer/Pods-HttpServer.debug.xcconfig"; sourceTree = "<group>"; };
		7638582824FC903D00ABEC80 /* EmptyViewController.swift */ = {isa = PBXFileReference; lastKnownFileType = sourcecode.swift; path = EmptyViewController.swift; sourceTree = "<group>"; };
		7638589224FCA56B00ABEC80 /* MBProgressHUD+Custom.swift */ = {isa = PBXFileReference; lastKnownFileType = sourcecode.swift; path = "MBProgressHUD+Custom.swift"; sourceTree = "<group>"; };
		7638589424FCC2B000ABEC80 /* TableListViewController.swift */ = {isa = PBXFileReference; lastKnownFileType = sourcecode.swift; path = TableListViewController.swift; sourceTree = "<group>"; };
		7638589624FCDC2D00ABEC80 /* NewTableViewController.swift */ = {isa = PBXFileReference; lastKnownFileType = sourcecode.swift; path = NewTableViewController.swift; sourceTree = "<group>"; };
		7638589924FCE11500ABEC80 /* Refreshable.swift */ = {isa = PBXFileReference; lastKnownFileType = sourcecode.swift; path = Refreshable.swift; sourceTree = "<group>"; };
		7638589B24FCE12800ABEC80 /* BaseTableViewController.swift */ = {isa = PBXFileReference; lastKnownFileType = sourcecode.swift; path = BaseTableViewController.swift; sourceTree = "<group>"; };
		7638589D24FCE21A00ABEC80 /* BaseViewController.swift */ = {isa = PBXFileReference; lastKnownFileType = sourcecode.swift; path = BaseViewController.swift; sourceTree = "<group>"; };
		7638589F24FCE83A00ABEC80 /* BaseCollectionViewController.swift */ = {isa = PBXFileReference; lastKnownFileType = sourcecode.swift; path = BaseCollectionViewController.swift; sourceTree = "<group>"; };
		763858A124FCEDEE00ABEC80 /* CollectionListViewController.swift */ = {isa = PBXFileReference; lastKnownFileType = sourcecode.swift; path = CollectionListViewController.swift; sourceTree = "<group>"; };
		763858A424FCF39600ABEC80 /* UIView+Error.swift */ = {isa = PBXFileReference; lastKnownFileType = sourcecode.swift; path = "UIView+Error.swift"; sourceTree = "<group>"; };
		763858A624FCF3CB00ABEC80 /* UITableView+Refresh.swift */ = {isa = PBXFileReference; lastKnownFileType = sourcecode.swift; path = "UITableView+Refresh.swift"; sourceTree = "<group>"; };
		763858A824FCF3FB00ABEC80 /* UICollectionView+Refresh.swift */ = {isa = PBXFileReference; lastKnownFileType = sourcecode.swift; path = "UICollectionView+Refresh.swift"; sourceTree = "<group>"; };
		763858AB24FCF73200ABEC80 /* EmptyView.swift */ = {isa = PBXFileReference; lastKnownFileType = sourcecode.swift; path = EmptyView.swift; sourceTree = "<group>"; };
		763858AD24FCF78F00ABEC80 /* LoadingView.swift */ = {isa = PBXFileReference; lastKnownFileType = sourcecode.swift; path = LoadingView.swift; sourceTree = "<group>"; };
		763858AF24FE13BE00ABEC80 /* HttpResultHandler.swift */ = {isa = PBXFileReference; lastKnownFileType = sourcecode.swift; path = HttpResultHandler.swift; sourceTree = "<group>"; };
		76557EFB248F709F003572B1 /* HttpServer.app */ = {isa = PBXFileReference; explicitFileType = wrapper.application; includeInIndex = 0; path = HttpServer.app; sourceTree = BUILT_PRODUCTS_DIR; };
		76557EFE248F709F003572B1 /* AppDelegate.swift */ = {isa = PBXFileReference; lastKnownFileType = sourcecode.swift; path = AppDelegate.swift; sourceTree = "<group>"; };
		76557F00248F709F003572B1 /* SceneDelegate.swift */ = {isa = PBXFileReference; lastKnownFileType = sourcecode.swift; path = SceneDelegate.swift; sourceTree = "<group>"; };
		76557F02248F709F003572B1 /* ViewController.swift */ = {isa = PBXFileReference; lastKnownFileType = sourcecode.swift; path = ViewController.swift; sourceTree = "<group>"; };
		76557F05248F709F003572B1 /* Base */ = {isa = PBXFileReference; lastKnownFileType = file.storyboard; name = Base; path = Base.lproj/Main.storyboard; sourceTree = "<group>"; };
		76557F07248F70A0003572B1 /* Assets.xcassets */ = {isa = PBXFileReference; lastKnownFileType = folder.assetcatalog; path = Assets.xcassets; sourceTree = "<group>"; };
		76557F0A248F70A0003572B1 /* Base */ = {isa = PBXFileReference; lastKnownFileType = file.storyboard; name = Base; path = Base.lproj/LaunchScreen.storyboard; sourceTree = "<group>"; };
		76557F0C248F70A0003572B1 /* Info.plist */ = {isa = PBXFileReference; lastKnownFileType = text.plist.xml; path = Info.plist; sourceTree = "<group>"; };
		76557F11248F70A0003572B1 /* HttpServerTests.xctest */ = {isa = PBXFileReference; explicitFileType = wrapper.cfbundle; includeInIndex = 0; path = HttpServerTests.xctest; sourceTree = BUILT_PRODUCTS_DIR; };
		76557F15248F70A0003572B1 /* HttpServerTests.swift */ = {isa = PBXFileReference; lastKnownFileType = sourcecode.swift; path = HttpServerTests.swift; sourceTree = "<group>"; };
		76557F17248F70A0003572B1 /* Info.plist */ = {isa = PBXFileReference; lastKnownFileType = text.plist.xml; path = Info.plist; sourceTree = "<group>"; };
		76557F1C248F70A0003572B1 /* HttpServerUITests.xctest */ = {isa = PBXFileReference; explicitFileType = wrapper.cfbundle; includeInIndex = 0; path = HttpServerUITests.xctest; sourceTree = BUILT_PRODUCTS_DIR; };
		76557F20248F70A0003572B1 /* HttpServerUITests.swift */ = {isa = PBXFileReference; lastKnownFileType = sourcecode.swift; path = HttpServerUITests.swift; sourceTree = "<group>"; };
		76557F22248F70A0003572B1 /* Info.plist */ = {isa = PBXFileReference; lastKnownFileType = text.plist.xml; path = Info.plist; sourceTree = "<group>"; };
		76557F31248F7A0F003572B1 /* HttpServer.swift */ = {isa = PBXFileReference; lastKnownFileType = sourcecode.swift; path = HttpServer.swift; sourceTree = "<group>"; };
		76557F34248F7B37003572B1 /* UserApi.swift */ = {isa = PBXFileReference; lastKnownFileType = sourcecode.swift; path = UserApi.swift; sourceTree = "<group>"; };
		76557F36248F8204003572B1 /* MyUDID.swift */ = {isa = PBXFileReference; fileEncoding = 4; lastKnownFileType = sourcecode.swift; path = MyUDID.swift; sourceTree = "<group>"; };
		76557F38248F8622003572B1 /* TargetType+Extension.swift */ = {isa = PBXFileReference; lastKnownFileType = sourcecode.swift; path = "TargetType+Extension.swift"; sourceTree = "<group>"; };
		76557F3A248F8687003572B1 /* String+Security.swift */ = {isa = PBXFileReference; fileEncoding = 4; lastKnownFileType = sourcecode.swift; path = "String+Security.swift"; sourceTree = "<group>"; };
		76557F3C248F86B6003572B1 /* Data+Extensions.swift */ = {isa = PBXFileReference; fileEncoding = 4; lastKnownFileType = sourcecode.swift; path = "Data+Extensions.swift"; sourceTree = "<group>"; };
		76557F3E248F86EF003572B1 /* ApiSignature.swift */ = {isa = PBXFileReference; fileEncoding = 4; lastKnownFileType = sourcecode.swift; path = ApiSignature.swift; sourceTree = "<group>"; };
		76557F40248F8880003572B1 /* Moya+Extension.swift */ = {isa = PBXFileReference; lastKnownFileType = sourcecode.swift; path = "Moya+Extension.swift"; sourceTree = "<group>"; };
		76557F42248F8FEB003572B1 /* Expiry.swift */ = {isa = PBXFileReference; fileEncoding = 4; lastKnownFileType = sourcecode.swift; path = Expiry.swift; sourceTree = "<group>"; };
		76557F442490A69A003572B1 /* RxCache.swift */ = {isa = PBXFileReference; lastKnownFileType = sourcecode.swift; path = RxCache.swift; sourceTree = "<group>"; };
		76557F462490C23A003572B1 /* Keychain.swift */ = {isa = PBXFileReference; lastKnownFileType = sourcecode.swift; path = Keychain.swift; sourceTree = "<group>"; };
		76557F482490E0E3003572B1 /* KeychainTests.swift */ = {isa = PBXFileReference; lastKnownFileType = sourcecode.swift; path = KeychainTests.swift; sourceTree = "<group>"; };
		7678F1CD24B30B53006BBDD2 /* HttpServer-Bridging-Header.h */ = {isa = PBXFileReference; lastKnownFileType = sourcecode.c.h; path = "HttpServer-Bridging-Header.h"; sourceTree = "<group>"; };
		7678F1D124B462F3006BBDD2 /* RequestCountHandler.swift */ = {isa = PBXFileReference; lastKnownFileType = sourcecode.swift; path = RequestCountHandler.swift; sourceTree = "<group>"; };
		7678F1DA24B56892006BBDD2 /* RequestFrequencyDatabaseTests.swift */ = {isa = PBXFileReference; lastKnownFileType = sourcecode.swift; path = RequestFrequencyDatabaseTests.swift; sourceTree = "<group>"; };
		7678F1DE24B58E82006BBDD2 /* RequestFrequencyHandlerTests.swift */ = {isa = PBXFileReference; lastKnownFileType = sourcecode.swift; path = RequestFrequencyHandlerTests.swift; sourceTree = "<group>"; };
		7678F1E024B5A6C2006BBDD2 /* HttpError.swift */ = {isa = PBXFileReference; lastKnownFileType = sourcecode.swift; path = HttpError.swift; sourceTree = "<group>"; };
		7678F1E224B5C302006BBDD2 /* CacheCore.swift */ = {isa = PBXFileReference; lastKnownFileType = sourcecode.swift; path = CacheCore.swift; sourceTree = "<group>"; };
		7678F1E524B5C405006BBDD2 /* Transformer.swift */ = {isa = PBXFileReference; fileEncoding = 4; lastKnownFileType = sourcecode.swift; path = Transformer.swift; sourceTree = "<group>"; };
		7678F1E624B5C405006BBDD2 /* TransformerFactory.swift */ = {isa = PBXFileReference; fileEncoding = 4; lastKnownFileType = sourcecode.swift; path = TransformerFactory.swift; sourceTree = "<group>"; };
		7678F1E924B5C42A006BBDD2 /* DiskStorage.swift */ = {isa = PBXFileReference; lastKnownFileType = sourcecode.swift; path = DiskStorage.swift; sourceTree = "<group>"; };
		7678F1EB24B6B93D006BBDD2 /* RxSwiftDemo.playground */ = {isa = PBXFileReference; lastKnownFileType = file.playground; path = RxSwiftDemo.playground; sourceTree = "<group>"; xcLanguageSpecificationIdentifier = xcode.lang.swift; };
		7678F1EC24B6DE24006BBDD2 /* CachePolicy.swift */ = {isa = PBXFileReference; lastKnownFileType = sourcecode.swift; path = CachePolicy.swift; sourceTree = "<group>"; };
		76DC1AC324F394A200650E2C /* FaltMapViewController.swift */ = {isa = PBXFileReference; lastKnownFileType = sourcecode.swift; path = FaltMapViewController.swift; sourceTree = "<group>"; };
		76DC1AC524F4ADCA00650E2C /* User.swift */ = {isa = PBXFileReference; lastKnownFileType = sourcecode.swift; path = User.swift; sourceTree = "<group>"; };
		76DC1AC824F4BAB500650E2C /* ScoreApi.swift */ = {isa = PBXFileReference; lastKnownFileType = sourcecode.swift; path = ScoreApi.swift; sourceTree = "<group>"; };
		76DC1ACA24F4BCA500650E2C /* Score.swift */ = {isa = PBXFileReference; lastKnownFileType = sourcecode.swift; path = Score.swift; sourceTree = "<group>"; };
		76DC1ACC24F50CFD00650E2C /* ZipViewController.swift */ = {isa = PBXFileReference; lastKnownFileType = sourcecode.swift; path = ZipViewController.swift; sourceTree = "<group>"; };
		76DC1ACE24F5146400650E2C /* Observer.swift */ = {isa = PBXFileReference; lastKnownFileType = sourcecode.swift; path = Observer.swift; sourceTree = "<group>"; };
		76DC1AD024F5156C00650E2C /* Server.swift */ = {isa = PBXFileReference; lastKnownFileType = sourcecode.swift; path = Server.swift; sourceTree = "<group>"; };
		76F3C49324EE1A2A00497C2F /* UserViewController.swift */ = {isa = PBXFileReference; lastKnownFileType = sourcecode.swift; path = UserViewController.swift; sourceTree = "<group>"; };
		B669BD6D41AE1DA06213D8A5 /* Pods_HttpServerTests.framework */ = {isa = PBXFileReference; explicitFileType = wrapper.framework; includeInIndex = 0; path = Pods_HttpServerTests.framework; sourceTree = BUILT_PRODUCTS_DIR; };
		C8C6846D80A50E32BC5EAFF4 /* Pods-HttpServerTests.release.xcconfig */ = {isa = PBXFileReference; includeInIndex = 1; lastKnownFileType = text.xcconfig; name = "Pods-HttpServerTests.release.xcconfig"; path = "Target Support Files/Pods-HttpServerTests/Pods-HttpServerTests.release.xcconfig"; sourceTree = "<group>"; };
		CA205740947B14358E0B8FAA /* Pods-HttpServerUITests.release.xcconfig */ = {isa = PBXFileReference; includeInIndex = 1; lastKnownFileType = text.xcconfig; name = "Pods-HttpServerUITests.release.xcconfig"; path = "Target Support Files/Pods-HttpServerUITests/Pods-HttpServerUITests.release.xcconfig"; sourceTree = "<group>"; };
		DF6540E9AF06C501C3308173 /* Pods-HttpServerTests.debug.xcconfig */ = {isa = PBXFileReference; includeInIndex = 1; lastKnownFileType = text.xcconfig; name = "Pods-HttpServerTests.debug.xcconfig"; path = "Target Support Files/Pods-HttpServerTests/Pods-HttpServerTests.debug.xcconfig"; sourceTree = "<group>"; };
/* End PBXFileReference section */

/* Begin PBXFrameworksBuildPhase section */
		76557EF8248F709F003572B1 /* Frameworks */ = {
			isa = PBXFrameworksBuildPhase;
			buildActionMask = 2147483647;
			files = (
				F90556C2B0C97B175D4B080D /* Pods_HttpServer.framework in Frameworks */,
			);
			runOnlyForDeploymentPostprocessing = 0;
		};
		76557F0E248F70A0003572B1 /* Frameworks */ = {
			isa = PBXFrameworksBuildPhase;
			buildActionMask = 2147483647;
			files = (
				FC6B38484540B7282E8AFF03 /* Pods_HttpServerTests.framework in Frameworks */,
			);
			runOnlyForDeploymentPostprocessing = 0;
		};
		76557F19248F70A0003572B1 /* Frameworks */ = {
			isa = PBXFrameworksBuildPhase;
			buildActionMask = 2147483647;
			files = (
				EBEE5066B5E2B132DB57CE6B /* Pods_HttpServerUITests.framework in Frameworks */,
			);
			runOnlyForDeploymentPostprocessing = 0;
		};
/* End PBXFrameworksBuildPhase section */

/* Begin PBXGroup section */
		725C6F7630677AA9C8AFED62 /* Frameworks */ = {
			isa = PBXGroup;
			children = (
				5BDCEE735419A288B50A5F78 /* Pods_HttpServer.framework */,
				B669BD6D41AE1DA06213D8A5 /* Pods_HttpServerTests.framework */,
				2F13DE59FCEA416A749200A8 /* Pods_HttpServerUITests.framework */,
			);
			name = Frameworks;
			sourceTree = "<group>";
		};
		7638589824FCE0E000ABEC80 /* Base */ = {
			isa = PBXGroup;
			children = (
				7638589924FCE11500ABEC80 /* Refreshable.swift */,
				7638589D24FCE21A00ABEC80 /* BaseViewController.swift */,
				7638589B24FCE12800ABEC80 /* BaseTableViewController.swift */,
				7638589F24FCE83A00ABEC80 /* BaseCollectionViewController.swift */,
				763858AF24FE13BE00ABEC80 /* HttpResultHandler.swift */,
			);
			path = Base;
			sourceTree = "<group>";
		};
		763858A324FCF2EB00ABEC80 /* Extension */ = {
			isa = PBXGroup;
			children = (
				763858A424FCF39600ABEC80 /* UIView+Error.swift */,
				763858A624FCF3CB00ABEC80 /* UITableView+Refresh.swift */,
				763858A824FCF3FB00ABEC80 /* UICollectionView+Refresh.swift */,
			);
			path = Extension;
			sourceTree = "<group>";
		};
		763858AA24FCF71800ABEC80 /* Views */ = {
			isa = PBXGroup;
			children = (
				763858AB24FCF73200ABEC80 /* EmptyView.swift */,
				763858AD24FCF78F00ABEC80 /* LoadingView.swift */,
			);
			path = Views;
			sourceTree = "<group>";
		};
		76557EF2248F709F003572B1 = {
			isa = PBXGroup;
			children = (
				7678F1EB24B6B93D006BBDD2 /* RxSwiftDemo.playground */,
				76557EFD248F709F003572B1 /* HttpServer */,
				76557F14248F70A0003572B1 /* HttpServerTests */,
				76557F1F248F70A0003572B1 /* HttpServerUITests */,
				76557EFC248F709F003572B1 /* Products */,
				7F28E2AF7FB468F469FDDAFA /* Pods */,
				725C6F7630677AA9C8AFED62 /* Frameworks */,
			);
			sourceTree = "<group>";
		};
		76557EFC248F709F003572B1 /* Products */ = {
			isa = PBXGroup;
			children = (
				76557EFB248F709F003572B1 /* HttpServer.app */,
				76557F11248F70A0003572B1 /* HttpServerTests.xctest */,
				76557F1C248F70A0003572B1 /* HttpServerUITests.xctest */,
			);
			name = Products;
			sourceTree = "<group>";
		};
		76557EFD248F709F003572B1 /* HttpServer */ = {
			isa = PBXGroup;
			children = (
				763858AA24FCF71800ABEC80 /* Views */,
				763858A324FCF2EB00ABEC80 /* Extension */,
				7638589824FCE0E000ABEC80 /* Base */,
				7678F1E424B5C339006BBDD2 /* Cache */,
				76557F33248F7B0A003572B1 /* Examples */,
				76557F30248F70D2003572B1 /* Storyboard */,
				76557F2F248F70BF003572B1 /* ViewControllers */,
				76557F2E248F70B1003572B1 /* HttpServer */,
				76557EFE248F709F003572B1 /* AppDelegate.swift */,
				76557F00248F709F003572B1 /* SceneDelegate.swift */,
				76557F07248F70A0003572B1 /* Assets.xcassets */,
				76557F0C248F70A0003572B1 /* Info.plist */,
				7678F1CD24B30B53006BBDD2 /* HttpServer-Bridging-Header.h */,
			);
			path = HttpServer;
			sourceTree = "<group>";
		};
		76557F14248F70A0003572B1 /* HttpServerTests */ = {
			isa = PBXGroup;
			children = (
				76557F15248F70A0003572B1 /* HttpServerTests.swift */,
				76557F17248F70A0003572B1 /* Info.plist */,
				76557F482490E0E3003572B1 /* KeychainTests.swift */,
				7678F1DA24B56892006BBDD2 /* RequestFrequencyDatabaseTests.swift */,
				7678F1DE24B58E82006BBDD2 /* RequestFrequencyHandlerTests.swift */,
			);
			path = HttpServerTests;
			sourceTree = "<group>";
		};
		76557F1F248F70A0003572B1 /* HttpServerUITests */ = {
			isa = PBXGroup;
			children = (
				76557F20248F70A0003572B1 /* HttpServerUITests.swift */,
				76557F22248F70A0003572B1 /* Info.plist */,
			);
			path = HttpServerUITests;
			sourceTree = "<group>";
		};
		76557F2E248F70B1003572B1 /* HttpServer */ = {
			isa = PBXGroup;
			children = (
				76557F42248F8FEB003572B1 /* Expiry.swift */,
				76557F31248F7A0F003572B1 /* HttpServer.swift */,
				76557F38248F8622003572B1 /* TargetType+Extension.swift */,
				76557F40248F8880003572B1 /* Moya+Extension.swift */,
				76557F442490A69A003572B1 /* RxCache.swift */,
				76557F462490C23A003572B1 /* Keychain.swift */,
				7678F1D124B462F3006BBDD2 /* RequestCountHandler.swift */,
				7678F1E024B5A6C2006BBDD2 /* HttpError.swift */,
				7678F1EC24B6DE24006BBDD2 /* CachePolicy.swift */,
				76DC1ACE24F5146400650E2C /* Observer.swift */,
				7638589224FCA56B00ABEC80 /* MBProgressHUD+Custom.swift */,
			);
			path = HttpServer;
			sourceTree = "<group>";
		};
		76557F2F248F70BF003572B1 /* ViewControllers */ = {
			isa = PBXGroup;
			children = (
				76557F02248F709F003572B1 /* ViewController.swift */,
				76F3C49324EE1A2A00497C2F /* UserViewController.swift */,
				76DC1AC324F394A200650E2C /* FaltMapViewController.swift */,
				76DC1ACC24F50CFD00650E2C /* ZipViewController.swift */,
				7638582824FC903D00ABEC80 /* EmptyViewController.swift */,
				7638589424FCC2B000ABEC80 /* TableListViewController.swift */,
				7638589624FCDC2D00ABEC80 /* NewTableViewController.swift */,
				763858A124FCEDEE00ABEC80 /* CollectionListViewController.swift */,
			);
			path = ViewControllers;
			sourceTree = "<group>";
		};
		76557F30248F70D2003572B1 /* Storyboard */ = {
			isa = PBXGroup;
			children = (
				76557F09248F70A0003572B1 /* LaunchScreen.storyboard */,
				76557F04248F709F003572B1 /* Main.storyboard */,
			);
			path = Storyboard;
			sourceTree = "<group>";
		};
		76557F33248F7B0A003572B1 /* Examples */ = {
			isa = PBXGroup;
			children = (
				76557F3E248F86EF003572B1 /* ApiSignature.swift */,
				76557F3C248F86B6003572B1 /* Data+Extensions.swift */,
				76557F3A248F8687003572B1 /* String+Security.swift */,
				76557F36248F8204003572B1 /* MyUDID.swift */,
				76557F34248F7B37003572B1 /* UserApi.swift */,
				76DC1AC824F4BAB500650E2C /* ScoreApi.swift */,
				76DC1AC524F4ADCA00650E2C /* User.swift */,
				76DC1ACA24F4BCA500650E2C /* Score.swift */,
				76DC1AD024F5156C00650E2C /* Server.swift */,
			);
			path = Examples;
			sourceTree = "<group>";
		};
		7678F1E424B5C339006BBDD2 /* Cache */ = {
			isa = PBXGroup;
			children = (
				7678F1E524B5C405006BBDD2 /* Transformer.swift */,
				7678F1E624B5C405006BBDD2 /* TransformerFactory.swift */,
				7678F1E224B5C302006BBDD2 /* CacheCore.swift */,
				7678F1E924B5C42A006BBDD2 /* DiskStorage.swift */,
			);
			path = Cache;
			sourceTree = "<group>";
		};
		7F28E2AF7FB468F469FDDAFA /* Pods */ = {
			isa = PBXGroup;
			children = (
				70972F61DF4F7DE1912C2D04 /* Pods-HttpServer.debug.xcconfig */,
				3B6F01244627A9027D8A46E5 /* Pods-HttpServer.release.xcconfig */,
				DF6540E9AF06C501C3308173 /* Pods-HttpServerTests.debug.xcconfig */,
				C8C6846D80A50E32BC5EAFF4 /* Pods-HttpServerTests.release.xcconfig */,
				4A01646BAAD3C6CC934F1FD8 /* Pods-HttpServerUITests.debug.xcconfig */,
				CA205740947B14358E0B8FAA /* Pods-HttpServerUITests.release.xcconfig */,
			);
			path = Pods;
			sourceTree = "<group>";
		};
/* End PBXGroup section */

/* Begin PBXNativeTarget section */
		76557EFA248F709F003572B1 /* HttpServer */ = {
			isa = PBXNativeTarget;
			buildConfigurationList = 76557F25248F70A0003572B1 /* Build configuration list for PBXNativeTarget "HttpServer" */;
			buildPhases = (
				A6F48400426DDA10C5437FF6 /* [CP] Check Pods Manifest.lock */,
				76557EF7248F709F003572B1 /* Sources */,
				76557EF8248F709F003572B1 /* Frameworks */,
				76557EF9248F709F003572B1 /* Resources */,
				800D91D79016AA3AFB2CEE6E /* [CP] Embed Pods Frameworks */,
			);
			buildRules = (
			);
			dependencies = (
			);
			name = HttpServer;
			productName = HttpServer;
			productReference = 76557EFB248F709F003572B1 /* HttpServer.app */;
			productType = "com.apple.product-type.application";
		};
		76557F10248F70A0003572B1 /* HttpServerTests */ = {
			isa = PBXNativeTarget;
			buildConfigurationList = 76557F28248F70A0003572B1 /* Build configuration list for PBXNativeTarget "HttpServerTests" */;
			buildPhases = (
				D7214010E08BB27A5E923B1B /* [CP] Check Pods Manifest.lock */,
				76557F0D248F70A0003572B1 /* Sources */,
				76557F0E248F70A0003572B1 /* Frameworks */,
				76557F0F248F70A0003572B1 /* Resources */,
			);
			buildRules = (
			);
			dependencies = (
				76557F13248F70A0003572B1 /* PBXTargetDependency */,
			);
			name = HttpServerTests;
			productName = HttpServerTests;
			productReference = 76557F11248F70A0003572B1 /* HttpServerTests.xctest */;
			productType = "com.apple.product-type.bundle.unit-test";
		};
		76557F1B248F70A0003572B1 /* HttpServerUITests */ = {
			isa = PBXNativeTarget;
			buildConfigurationList = 76557F2B248F70A0003572B1 /* Build configuration list for PBXNativeTarget "HttpServerUITests" */;
			buildPhases = (
				88AD46BD3305E597913E4B80 /* [CP] Check Pods Manifest.lock */,
				76557F18248F70A0003572B1 /* Sources */,
				76557F19248F70A0003572B1 /* Frameworks */,
				76557F1A248F70A0003572B1 /* Resources */,
			);
			buildRules = (
			);
			dependencies = (
				76557F1E248F70A0003572B1 /* PBXTargetDependency */,
			);
			name = HttpServerUITests;
			productName = HttpServerUITests;
			productReference = 76557F1C248F70A0003572B1 /* HttpServerUITests.xctest */;
			productType = "com.apple.product-type.bundle.ui-testing";
		};
/* End PBXNativeTarget section */

/* Begin PBXProject section */
		76557EF3248F709F003572B1 /* Project object */ = {
			isa = PBXProject;
			attributes = {
				LastSwiftUpdateCheck = 1150;
				LastUpgradeCheck = 1150;
				ORGANIZATIONNAME = youzy;
				TargetAttributes = {
					76557EFA248F709F003572B1 = {
						CreatedOnToolsVersion = 11.5;
						LastSwiftMigration = 1150;
					};
					76557F10248F70A0003572B1 = {
						CreatedOnToolsVersion = 11.5;
						TestTargetID = 76557EFA248F709F003572B1;
					};
					76557F1B248F70A0003572B1 = {
						CreatedOnToolsVersion = 11.5;
						TestTargetID = 76557EFA248F709F003572B1;
					};
				};
			};
			buildConfigurationList = 76557EF6248F709F003572B1 /* Build configuration list for PBXProject "HttpServer" */;
			compatibilityVersion = "Xcode 9.3";
			developmentRegion = en;
			hasScannedForEncodings = 0;
			knownRegions = (
				en,
				Base,
			);
			mainGroup = 76557EF2248F709F003572B1;
			productRefGroup = 76557EFC248F709F003572B1 /* Products */;
			projectDirPath = "";
			projectRoot = "";
			targets = (
				76557EFA248F709F003572B1 /* HttpServer */,
				76557F10248F70A0003572B1 /* HttpServerTests */,
				76557F1B248F70A0003572B1 /* HttpServerUITests */,
			);
		};
/* End PBXProject section */

/* Begin PBXResourcesBuildPhase section */
		76557EF9248F709F003572B1 /* Resources */ = {
			isa = PBXResourcesBuildPhase;
			buildActionMask = 2147483647;
			files = (
				76557F0B248F70A0003572B1 /* LaunchScreen.storyboard in Resources */,
				76557F08248F70A0003572B1 /* Assets.xcassets in Resources */,
				76557F06248F709F003572B1 /* Main.storyboard in Resources */,
			);
			runOnlyForDeploymentPostprocessing = 0;
		};
		76557F0F248F70A0003572B1 /* Resources */ = {
			isa = PBXResourcesBuildPhase;
			buildActionMask = 2147483647;
			files = (
			);
			runOnlyForDeploymentPostprocessing = 0;
		};
		76557F1A248F70A0003572B1 /* Resources */ = {
			isa = PBXResourcesBuildPhase;
			buildActionMask = 2147483647;
			files = (
			);
			runOnlyForDeploymentPostprocessing = 0;
		};
/* End PBXResourcesBuildPhase section */

/* Begin PBXShellScriptBuildPhase section */
		800D91D79016AA3AFB2CEE6E /* [CP] Embed Pods Frameworks */ = {
			isa = PBXShellScriptBuildPhase;
			buildActionMask = 2147483647;
			files = (
			);
			inputFileListPaths = (
				"${PODS_ROOT}/Target Support Files/Pods-HttpServer/Pods-HttpServer-frameworks-${CONFIGURATION}-input-files.xcfilelist",
			);
			name = "[CP] Embed Pods Frameworks";
			outputFileListPaths = (
				"${PODS_ROOT}/Target Support Files/Pods-HttpServer/Pods-HttpServer-frameworks-${CONFIGURATION}-output-files.xcfilelist",
			);
			runOnlyForDeploymentPostprocessing = 0;
			shellPath = /bin/sh;
			shellScript = "\"${PODS_ROOT}/Target Support Files/Pods-HttpServer/Pods-HttpServer-frameworks.sh\"\n";
			showEnvVarsInLog = 0;
		};
		88AD46BD3305E597913E4B80 /* [CP] Check Pods Manifest.lock */ = {
			isa = PBXShellScriptBuildPhase;
			buildActionMask = 2147483647;
			files = (
			);
			inputFileListPaths = (
			);
			inputPaths = (
				"${PODS_PODFILE_DIR_PATH}/Podfile.lock",
				"${PODS_ROOT}/Manifest.lock",
			);
			name = "[CP] Check Pods Manifest.lock";
			outputFileListPaths = (
			);
			outputPaths = (
				"$(DERIVED_FILE_DIR)/Pods-HttpServerUITests-checkManifestLockResult.txt",
			);
			runOnlyForDeploymentPostprocessing = 0;
			shellPath = /bin/sh;
			shellScript = "diff \"${PODS_PODFILE_DIR_PATH}/Podfile.lock\" \"${PODS_ROOT}/Manifest.lock\" > /dev/null\nif [ $? != 0 ] ; then\n    # print error to STDERR\n    echo \"error: The sandbox is not in sync with the Podfile.lock. Run 'pod install' or update your CocoaPods installation.\" >&2\n    exit 1\nfi\n# This output is used by Xcode 'outputs' to avoid re-running this script phase.\necho \"SUCCESS\" > \"${SCRIPT_OUTPUT_FILE_0}\"\n";
			showEnvVarsInLog = 0;
		};
		A6F48400426DDA10C5437FF6 /* [CP] Check Pods Manifest.lock */ = {
			isa = PBXShellScriptBuildPhase;
			buildActionMask = 2147483647;
			files = (
			);
			inputFileListPaths = (
			);
			inputPaths = (
				"${PODS_PODFILE_DIR_PATH}/Podfile.lock",
				"${PODS_ROOT}/Manifest.lock",
			);
			name = "[CP] Check Pods Manifest.lock";
			outputFileListPaths = (
			);
			outputPaths = (
				"$(DERIVED_FILE_DIR)/Pods-HttpServer-checkManifestLockResult.txt",
			);
			runOnlyForDeploymentPostprocessing = 0;
			shellPath = /bin/sh;
			shellScript = "diff \"${PODS_PODFILE_DIR_PATH}/Podfile.lock\" \"${PODS_ROOT}/Manifest.lock\" > /dev/null\nif [ $? != 0 ] ; then\n    # print error to STDERR\n    echo \"error: The sandbox is not in sync with the Podfile.lock. Run 'pod install' or update your CocoaPods installation.\" >&2\n    exit 1\nfi\n# This output is used by Xcode 'outputs' to avoid re-running this script phase.\necho \"SUCCESS\" > \"${SCRIPT_OUTPUT_FILE_0}\"\n";
			showEnvVarsInLog = 0;
		};
		D7214010E08BB27A5E923B1B /* [CP] Check Pods Manifest.lock */ = {
			isa = PBXShellScriptBuildPhase;
			buildActionMask = 2147483647;
			files = (
			);
			inputFileListPaths = (
			);
			inputPaths = (
				"${PODS_PODFILE_DIR_PATH}/Podfile.lock",
				"${PODS_ROOT}/Manifest.lock",
			);
			name = "[CP] Check Pods Manifest.lock";
			outputFileListPaths = (
			);
			outputPaths = (
				"$(DERIVED_FILE_DIR)/Pods-HttpServerTests-checkManifestLockResult.txt",
			);
			runOnlyForDeploymentPostprocessing = 0;
			shellPath = /bin/sh;
			shellScript = "diff \"${PODS_PODFILE_DIR_PATH}/Podfile.lock\" \"${PODS_ROOT}/Manifest.lock\" > /dev/null\nif [ $? != 0 ] ; then\n    # print error to STDERR\n    echo \"error: The sandbox is not in sync with the Podfile.lock. Run 'pod install' or update your CocoaPods installation.\" >&2\n    exit 1\nfi\n# This output is used by Xcode 'outputs' to avoid re-running this script phase.\necho \"SUCCESS\" > \"${SCRIPT_OUTPUT_FILE_0}\"\n";
			showEnvVarsInLog = 0;
		};
/* End PBXShellScriptBuildPhase section */

/* Begin PBXSourcesBuildPhase section */
		76557EF7248F709F003572B1 /* Sources */ = {
			isa = PBXSourcesBuildPhase;
			buildActionMask = 2147483647;
			files = (
				76557F03248F709F003572B1 /* ViewController.swift in Sources */,
				7678F1E724B5C405006BBDD2 /* Transformer.swift in Sources */,
				76DC1AC424F394A300650E2C /* FaltMapViewController.swift in Sources */,
				76557F3F248F86EF003572B1 /* ApiSignature.swift in Sources */,
				76F3C49424EE1A2A00497C2F /* UserViewController.swift in Sources */,
				763858A924FCF3FB00ABEC80 /* UICollectionView+Refresh.swift in Sources */,
				7638589E24FCE21A00ABEC80 /* BaseViewController.swift in Sources */,
				76DC1ACF24F5146400650E2C /* Observer.swift in Sources */,
				763858A024FCE83A00ABEC80 /* BaseCollectionViewController.swift in Sources */,
				76557F39248F8622003572B1 /* TargetType+Extension.swift in Sources */,
				763858A524FCF39600ABEC80 /* UIView+Error.swift in Sources */,
				7678F1E324B5C302006BBDD2 /* CacheCore.swift in Sources */,
				76557F452490A69A003572B1 /* RxCache.swift in Sources */,
				76DC1ACB24F4BCA500650E2C /* Score.swift in Sources */,
				7678F1E124B5A6C2006BBDD2 /* HttpError.swift in Sources */,
				76DC1AD124F5156C00650E2C /* Server.swift in Sources */,
				763858A724FCF3CB00ABEC80 /* UITableView+Refresh.swift in Sources */,
				7638582A24FC903D00ABEC80 /* EmptyViewController.swift in Sources */,
				76557F3B248F8687003572B1 /* String+Security.swift in Sources */,
				763858AE24FCF78F00ABEC80 /* LoadingView.swift in Sources */,
				763858A224FCEDEE00ABEC80 /* CollectionListViewController.swift in Sources */,
				7678F1ED24B6DE24006BBDD2 /* CachePolicy.swift in Sources */,
				7678F1EA24B5C42A006BBDD2 /* DiskStorage.swift in Sources */,
				76557F3D248F86B6003572B1 /* Data+Extensions.swift in Sources */,
				7638589C24FCE12800ABEC80 /* BaseTableViewController.swift in Sources */,
				7678F1D224B462F3006BBDD2 /* RequestCountHandler.swift in Sources */,
				76557F35248F7B37003572B1 /* UserApi.swift in Sources */,
				763858B024FE13BE00ABEC80 /* HttpResultHandler.swift in Sources */,
				76DC1ACD24F50CFD00650E2C /* ZipViewController.swift in Sources */,
				76557EFF248F709F003572B1 /* AppDelegate.swift in Sources */,
				76557F32248F7A0F003572B1 /* HttpServer.swift in Sources */,
				76557F43248F8FEB003572B1 /* Expiry.swift in Sources */,
				76557F01248F709F003572B1 /* SceneDelegate.swift in Sources */,
				7678F1E824B5C405006BBDD2 /* TransformerFactory.swift in Sources */,
				76DC1AC924F4BAB500650E2C /* ScoreApi.swift in Sources */,
				76DC1AC624F4ADCA00650E2C /* User.swift in Sources */,
				7638589A24FCE11500ABEC80 /* Refreshable.swift in Sources */,
				7638589524FCC2B000ABEC80 /* TableListViewController.swift in Sources */,
				76557F37248F8204003572B1 /* MyUDID.swift in Sources */,
				7638589724FCDC2D00ABEC80 /* NewTableViewController.swift in Sources */,
				76557F41248F8880003572B1 /* Moya+Extension.swift in Sources */,
				7638589324FCA56B00ABEC80 /* MBProgressHUD+Custom.swift in Sources */,
				763858AC24FCF73200ABEC80 /* EmptyView.swift in Sources */,
				76557F472490C23A003572B1 /* Keychain.swift in Sources */,
			);
			runOnlyForDeploymentPostprocessing = 0;
		};
		76557F0D248F70A0003572B1 /* Sources */ = {
			isa = PBXSourcesBuildPhase;
			buildActionMask = 2147483647;
			files = (
				76557F16248F70A0003572B1 /* HttpServerTests.swift in Sources */,
				7678F1DF24B58E82006BBDD2 /* RequestFrequencyHandlerTests.swift in Sources */,
				7678F1DC24B5690E006BBDD2 /* RequestCountHandler.swift in Sources */,
				7678F1DB24B56892006BBDD2 /* RequestFrequencyDatabaseTests.swift in Sources */,
				76557F492490E0E3003572B1 /* KeychainTests.swift in Sources */,
				76557F4A2490E11F003572B1 /* Keychain.swift in Sources */,
				76DC1AC724F4ADE800650E2C /* User.swift in Sources */,
			);
			runOnlyForDeploymentPostprocessing = 0;
		};
		76557F18248F70A0003572B1 /* Sources */ = {
			isa = PBXSourcesBuildPhase;
			buildActionMask = 2147483647;
			files = (
				7678F1DD24B5691E006BBDD2 /* RequestCountHandler.swift in Sources */,
				76557F21248F70A0003572B1 /* HttpServerUITests.swift in Sources */,
				76557F4B2490E121003572B1 /* Keychain.swift in Sources */,
			);
			runOnlyForDeploymentPostprocessing = 0;
		};
/* End PBXSourcesBuildPhase section */

/* Begin PBXTargetDependency section */
		76557F13248F70A0003572B1 /* PBXTargetDependency */ = {
			isa = PBXTargetDependency;
			target = 76557EFA248F709F003572B1 /* HttpServer */;
			targetProxy = 76557F12248F70A0003572B1 /* PBXContainerItemProxy */;
		};
		76557F1E248F70A0003572B1 /* PBXTargetDependency */ = {
			isa = PBXTargetDependency;
			target = 76557EFA248F709F003572B1 /* HttpServer */;
			targetProxy = 76557F1D248F70A0003572B1 /* PBXContainerItemProxy */;
		};
/* End PBXTargetDependency section */

/* Begin PBXVariantGroup section */
		76557F04248F709F003572B1 /* Main.storyboard */ = {
			isa = PBXVariantGroup;
			children = (
				76557F05248F709F003572B1 /* Base */,
			);
			name = Main.storyboard;
			sourceTree = "<group>";
		};
		76557F09248F70A0003572B1 /* LaunchScreen.storyboard */ = {
			isa = PBXVariantGroup;
			children = (
				76557F0A248F70A0003572B1 /* Base */,
			);
			name = LaunchScreen.storyboard;
			sourceTree = "<group>";
		};
/* End PBXVariantGroup section */

/* Begin XCBuildConfiguration section */
		76557F23248F70A0003572B1 /* Debug */ = {
			isa = XCBuildConfiguration;
			buildSettings = {
				ALWAYS_SEARCH_USER_PATHS = NO;
				CLANG_ANALYZER_NONNULL = YES;
				CLANG_ANALYZER_NUMBER_OBJECT_CONVERSION = YES_AGGRESSIVE;
				CLANG_CXX_LANGUAGE_STANDARD = "gnu++14";
				CLANG_CXX_LIBRARY = "libc++";
				CLANG_ENABLE_MODULES = YES;
				CLANG_ENABLE_OBJC_ARC = YES;
				CLANG_ENABLE_OBJC_WEAK = YES;
				CLANG_WARN_BLOCK_CAPTURE_AUTORELEASING = YES;
				CLANG_WARN_BOOL_CONVERSION = YES;
				CLANG_WARN_COMMA = YES;
				CLANG_WARN_CONSTANT_CONVERSION = YES;
				CLANG_WARN_DEPRECATED_OBJC_IMPLEMENTATIONS = YES;
				CLANG_WARN_DIRECT_OBJC_ISA_USAGE = YES_ERROR;
				CLANG_WARN_DOCUMENTATION_COMMENTS = YES;
				CLANG_WARN_EMPTY_BODY = YES;
				CLANG_WARN_ENUM_CONVERSION = YES;
				CLANG_WARN_INFINITE_RECURSION = YES;
				CLANG_WARN_INT_CONVERSION = YES;
				CLANG_WARN_NON_LITERAL_NULL_CONVERSION = YES;
				CLANG_WARN_OBJC_IMPLICIT_RETAIN_SELF = YES;
				CLANG_WARN_OBJC_LITERAL_CONVERSION = YES;
				CLANG_WARN_OBJC_ROOT_CLASS = YES_ERROR;
				CLANG_WARN_RANGE_LOOP_ANALYSIS = YES;
				CLANG_WARN_STRICT_PROTOTYPES = YES;
				CLANG_WARN_SUSPICIOUS_MOVE = YES;
				CLANG_WARN_UNGUARDED_AVAILABILITY = YES_AGGRESSIVE;
				CLANG_WARN_UNREACHABLE_CODE = YES;
				CLANG_WARN__DUPLICATE_METHOD_MATCH = YES;
				COPY_PHASE_STRIP = NO;
				DEBUG_INFORMATION_FORMAT = dwarf;
				ENABLE_STRICT_OBJC_MSGSEND = YES;
				ENABLE_TESTABILITY = YES;
				GCC_C_LANGUAGE_STANDARD = gnu11;
				GCC_DYNAMIC_NO_PIC = NO;
				GCC_NO_COMMON_BLOCKS = YES;
				GCC_OPTIMIZATION_LEVEL = 0;
				GCC_PREPROCESSOR_DEFINITIONS = (
					"DEBUG=1",
					"$(inherited)",
				);
				GCC_WARN_64_TO_32_BIT_CONVERSION = YES;
				GCC_WARN_ABOUT_RETURN_TYPE = YES_ERROR;
				GCC_WARN_UNDECLARED_SELECTOR = YES;
				GCC_WARN_UNINITIALIZED_AUTOS = YES_AGGRESSIVE;
				GCC_WARN_UNUSED_FUNCTION = YES;
				GCC_WARN_UNUSED_VARIABLE = YES;
				IPHONEOS_DEPLOYMENT_TARGET = 10.0;
				MTL_ENABLE_DEBUG_INFO = INCLUDE_SOURCE;
				MTL_FAST_MATH = YES;
				ONLY_ACTIVE_ARCH = YES;
				SDKROOT = iphoneos;
				SWIFT_ACTIVE_COMPILATION_CONDITIONS = DEBUG;
				SWIFT_OPTIMIZATION_LEVEL = "-Onone";
			};
			name = Debug;
		};
		76557F24248F70A0003572B1 /* Release */ = {
			isa = XCBuildConfiguration;
			buildSettings = {
				ALWAYS_SEARCH_USER_PATHS = NO;
				CLANG_ANALYZER_NONNULL = YES;
				CLANG_ANALYZER_NUMBER_OBJECT_CONVERSION = YES_AGGRESSIVE;
				CLANG_CXX_LANGUAGE_STANDARD = "gnu++14";
				CLANG_CXX_LIBRARY = "libc++";
				CLANG_ENABLE_MODULES = YES;
				CLANG_ENABLE_OBJC_ARC = YES;
				CLANG_ENABLE_OBJC_WEAK = YES;
				CLANG_WARN_BLOCK_CAPTURE_AUTORELEASING = YES;
				CLANG_WARN_BOOL_CONVERSION = YES;
				CLANG_WARN_COMMA = YES;
				CLANG_WARN_CONSTANT_CONVERSION = YES;
				CLANG_WARN_DEPRECATED_OBJC_IMPLEMENTATIONS = YES;
				CLANG_WARN_DIRECT_OBJC_ISA_USAGE = YES_ERROR;
				CLANG_WARN_DOCUMENTATION_COMMENTS = YES;
				CLANG_WARN_EMPTY_BODY = YES;
				CLANG_WARN_ENUM_CONVERSION = YES;
				CLANG_WARN_INFINITE_RECURSION = YES;
				CLANG_WARN_INT_CONVERSION = YES;
				CLANG_WARN_NON_LITERAL_NULL_CONVERSION = YES;
				CLANG_WARN_OBJC_IMPLICIT_RETAIN_SELF = YES;
				CLANG_WARN_OBJC_LITERAL_CONVERSION = YES;
				CLANG_WARN_OBJC_ROOT_CLASS = YES_ERROR;
				CLANG_WARN_RANGE_LOOP_ANALYSIS = YES;
				CLANG_WARN_STRICT_PROTOTYPES = YES;
				CLANG_WARN_SUSPICIOUS_MOVE = YES;
				CLANG_WARN_UNGUARDED_AVAILABILITY = YES_AGGRESSIVE;
				CLANG_WARN_UNREACHABLE_CODE = YES;
				CLANG_WARN__DUPLICATE_METHOD_MATCH = YES;
				COPY_PHASE_STRIP = NO;
				DEBUG_INFORMATION_FORMAT = "dwarf-with-dsym";
				ENABLE_NS_ASSERTIONS = NO;
				ENABLE_STRICT_OBJC_MSGSEND = YES;
				GCC_C_LANGUAGE_STANDARD = gnu11;
				GCC_NO_COMMON_BLOCKS = YES;
				GCC_WARN_64_TO_32_BIT_CONVERSION = YES;
				GCC_WARN_ABOUT_RETURN_TYPE = YES_ERROR;
				GCC_WARN_UNDECLARED_SELECTOR = YES;
				GCC_WARN_UNINITIALIZED_AUTOS = YES_AGGRESSIVE;
				GCC_WARN_UNUSED_FUNCTION = YES;
				GCC_WARN_UNUSED_VARIABLE = YES;
				IPHONEOS_DEPLOYMENT_TARGET = 10.0;
				MTL_ENABLE_DEBUG_INFO = NO;
				MTL_FAST_MATH = YES;
				SDKROOT = iphoneos;
				SWIFT_COMPILATION_MODE = wholemodule;
				SWIFT_OPTIMIZATION_LEVEL = "-O";
				VALIDATE_PRODUCT = YES;
			};
			name = Release;
		};
		76557F26248F70A0003572B1 /* Debug */ = {
			isa = XCBuildConfiguration;
			baseConfigurationReference = 70972F61DF4F7DE1912C2D04 /* Pods-HttpServer.debug.xcconfig */;
			buildSettings = {
				ASSETCATALOG_COMPILER_APPICON_NAME = AppIcon;
				CLANG_ENABLE_MODULES = YES;
				CODE_SIGN_STYLE = Automatic;
				DEVELOPMENT_TEAM = 4WM659594V;
				INFOPLIST_FILE = HttpServer/Info.plist;
				IPHONEOS_DEPLOYMENT_TARGET = 10.0;
				LD_RUNPATH_SEARCH_PATHS = (
					"$(inherited)",
					"@executable_path/Frameworks",
				);
				PRODUCT_BUNDLE_IDENTIFIER = com.eagersoftdbl.HttpServer;
				PRODUCT_NAME = "$(TARGET_NAME)";
				SWIFT_OBJC_BRIDGING_HEADER = "HttpServer/HttpServer-Bridging-Header.h";
				SWIFT_OPTIMIZATION_LEVEL = "-Onone";
				SWIFT_VERSION = 5.0;
				TARGETED_DEVICE_FAMILY = "1,2";
			};
			name = Debug;
		};
		76557F27248F70A0003572B1 /* Release */ = {
			isa = XCBuildConfiguration;
			baseConfigurationReference = 3B6F01244627A9027D8A46E5 /* Pods-HttpServer.release.xcconfig */;
			buildSettings = {
				ASSETCATALOG_COMPILER_APPICON_NAME = AppIcon;
				CLANG_ENABLE_MODULES = YES;
				CODE_SIGN_STYLE = Automatic;
				DEVELOPMENT_TEAM = 4WM659594V;
				INFOPLIST_FILE = HttpServer/Info.plist;
				IPHONEOS_DEPLOYMENT_TARGET = 10.0;
				LD_RUNPATH_SEARCH_PATHS = (
					"$(inherited)",
					"@executable_path/Frameworks",
				);
				PRODUCT_BUNDLE_IDENTIFIER = com.eagersoftdbl.HttpServer;
				PRODUCT_NAME = "$(TARGET_NAME)";
				SWIFT_OBJC_BRIDGING_HEADER = "HttpServer/HttpServer-Bridging-Header.h";
				SWIFT_VERSION = 5.0;
				TARGETED_DEVICE_FAMILY = "1,2";
			};
			name = Release;
		};
		76557F29248F70A0003572B1 /* Debug */ = {
			isa = XCBuildConfiguration;
			baseConfigurationReference = DF6540E9AF06C501C3308173 /* Pods-HttpServerTests.debug.xcconfig */;
			buildSettings = {
				ALWAYS_EMBED_SWIFT_STANDARD_LIBRARIES = YES;
				BUNDLE_LOADER = "$(TEST_HOST)";
				CODE_SIGN_STYLE = Automatic;
				DEVELOPMENT_TEAM = 4WM659594V;
				INFOPLIST_FILE = HttpServerTests/Info.plist;
				IPHONEOS_DEPLOYMENT_TARGET = 13.5;
				LD_RUNPATH_SEARCH_PATHS = (
					"$(inherited)",
					"@executable_path/Frameworks",
					"@loader_path/Frameworks",
				);
				PRODUCT_BUNDLE_IDENTIFIER = com.eagersoftdbl.HttpServerTests;
				PRODUCT_NAME = "$(TARGET_NAME)";
				SWIFT_VERSION = 5.0;
				TARGETED_DEVICE_FAMILY = "1,2";
				TEST_HOST = "$(BUILT_PRODUCTS_DIR)/HttpServer.app/HttpServer";
			};
			name = Debug;
		};
		76557F2A248F70A0003572B1 /* Release */ = {
			isa = XCBuildConfiguration;
			baseConfigurationReference = C8C6846D80A50E32BC5EAFF4 /* Pods-HttpServerTests.release.xcconfig */;
			buildSettings = {
				ALWAYS_EMBED_SWIFT_STANDARD_LIBRARIES = YES;
				BUNDLE_LOADER = "$(TEST_HOST)";
				CODE_SIGN_STYLE = Automatic;
				DEVELOPMENT_TEAM = 4WM659594V;
				INFOPLIST_FILE = HttpServerTests/Info.plist;
				IPHONEOS_DEPLOYMENT_TARGET = 13.5;
				LD_RUNPATH_SEARCH_PATHS = (
					"$(inherited)",
					"@executable_path/Frameworks",
					"@loader_path/Frameworks",
				);
				PRODUCT_BUNDLE_IDENTIFIER = com.eagersoftdbl.HttpServerTests;
				PRODUCT_NAME = "$(TARGET_NAME)";
				SWIFT_VERSION = 5.0;
				TARGETED_DEVICE_FAMILY = "1,2";
				TEST_HOST = "$(BUILT_PRODUCTS_DIR)/HttpServer.app/HttpServer";
			};
			name = Release;
		};
		76557F2C248F70A0003572B1 /* Debug */ = {
			isa = XCBuildConfiguration;
			baseConfigurationReference = 4A01646BAAD3C6CC934F1FD8 /* Pods-HttpServerUITests.debug.xcconfig */;
			buildSettings = {
				ALWAYS_EMBED_SWIFT_STANDARD_LIBRARIES = YES;
				CODE_SIGN_STYLE = Automatic;
				DEVELOPMENT_TEAM = 4WM659594V;
				INFOPLIST_FILE = HttpServerUITests/Info.plist;
				LD_RUNPATH_SEARCH_PATHS = (
					"$(inherited)",
					"@executable_path/Frameworks",
					"@loader_path/Frameworks",
				);
				PRODUCT_BUNDLE_IDENTIFIER = com.eagersoftdbl.HttpServerUITests;
				PRODUCT_NAME = "$(TARGET_NAME)";
				SWIFT_VERSION = 5.0;
				TARGETED_DEVICE_FAMILY = "1,2";
				TEST_TARGET_NAME = HttpServer;
			};
			name = Debug;
		};
		76557F2D248F70A0003572B1 /* Release */ = {
			isa = XCBuildConfiguration;
			baseConfigurationReference = CA205740947B14358E0B8FAA /* Pods-HttpServerUITests.release.xcconfig */;
			buildSettings = {
				ALWAYS_EMBED_SWIFT_STANDARD_LIBRARIES = YES;
				CODE_SIGN_STYLE = Automatic;
				DEVELOPMENT_TEAM = 4WM659594V;
				INFOPLIST_FILE = HttpServerUITests/Info.plist;
				LD_RUNPATH_SEARCH_PATHS = (
					"$(inherited)",
					"@executable_path/Frameworks",
					"@loader_path/Frameworks",
				);
				PRODUCT_BUNDLE_IDENTIFIER = com.eagersoftdbl.HttpServerUITests;
				PRODUCT_NAME = "$(TARGET_NAME)";
				SWIFT_VERSION = 5.0;
				TARGETED_DEVICE_FAMILY = "1,2";
				TEST_TARGET_NAME = HttpServer;
			};
			name = Release;
		};
/* End XCBuildConfiguration section */

/* Begin XCConfigurationList section */
		76557EF6248F709F003572B1 /* Build configuration list for PBXProject "HttpServer" */ = {
			isa = XCConfigurationList;
			buildConfigurations = (
				76557F23248F70A0003572B1 /* Debug */,
				76557F24248F70A0003572B1 /* Release */,
			);
			defaultConfigurationIsVisible = 0;
			defaultConfigurationName = Release;
		};
		76557F25248F70A0003572B1 /* Build configuration list for PBXNativeTarget "HttpServer" */ = {
			isa = XCConfigurationList;
			buildConfigurations = (
				76557F26248F70A0003572B1 /* Debug */,
				76557F27248F70A0003572B1 /* Release */,
			);
			defaultConfigurationIsVisible = 0;
			defaultConfigurationName = Release;
		};
		76557F28248F70A0003572B1 /* Build configuration list for PBXNativeTarget "HttpServerTests" */ = {
			isa = XCConfigurationList;
			buildConfigurations = (
				76557F29248F70A0003572B1 /* Debug */,
				76557F2A248F70A0003572B1 /* Release */,
			);
			defaultConfigurationIsVisible = 0;
			defaultConfigurationName = Release;
		};
		76557F2B248F70A0003572B1 /* Build configuration list for PBXNativeTarget "HttpServerUITests" */ = {
			isa = XCConfigurationList;
			buildConfigurations = (
				76557F2C248F70A0003572B1 /* Debug */,
				76557F2D248F70A0003572B1 /* Release */,
			);
			defaultConfigurationIsVisible = 0;
			defaultConfigurationName = Release;
		};
/* End XCConfigurationList section */
	};
	rootObject = 76557EF3248F709F003572B1 /* Project object */;
}
